
Microsoft Visual Studio Solution File, Format Version 12.00
# Visual Studio 15
VisualStudioVersion = 15.0.25807.0
MinimumVisualStudioVersion = 10.0.40219.1
Project("{2150E333-8FDC-42A3-9474-1A3956D46DE8}") = "Engine", "Engine", "{3175F833-AB78-4069-A0FC-85F5A2867055}"
EndProject
Project("{2150E333-8FDC-42A3-9474-1A3956D46DE8}") = "Games", "Games", "{A70CD820-4B40-4E30-9DA0-30DA9F41EC76}"
EndProject
Project("{8BC9CEB8-8B4A-11D0-8D11-00A0C91BC942}") = "UE4", "Intermediate\ProjectFiles\UE4.vcxproj", "{B28DABFC-28F2-4C1A-A7E8-D29D9F6F81DC}"
EndProject
Project("{8BC9CEB8-8B4A-11D0-8D11-00A0C91BC942}") = "Octopus", "Intermediate\ProjectFiles\Octopus.vcxproj", "{43EBBE4D-88C7-4E6C-AEC2-00A3E089AAAC}"
EndProject
Global
	GlobalSection(SolutionConfigurationPlatforms) = preSolution
		DebugGame Editor|HTML5 = DebugGame Editor|HTML5
		DebugGame Editor|IOS = DebugGame Editor|IOS
		DebugGame Editor|Win32 = DebugGame Editor|Win32
		DebugGame Editor|Win64 = DebugGame Editor|Win64
		DebugGame|HTML5 = DebugGame|HTML5
		DebugGame|IOS = DebugGame|IOS
		DebugGame|Win32 = DebugGame|Win32
		DebugGame|Win64 = DebugGame|Win64
		Development Editor|HTML5 = Development Editor|HTML5
		Development Editor|IOS = Development Editor|IOS
		Development Editor|Win32 = Development Editor|Win32
		Development Editor|Win64 = Development Editor|Win64
		Development|HTML5 = Development|HTML5
		Development|IOS = Development|IOS
		Development|Win32 = Development|Win32
		Development|Win64 = Development|Win64
		Shipping|HTML5 = Shipping|HTML5
		Shipping|IOS = Shipping|IOS
		Shipping|Win32 = Shipping|Win32
		Shipping|Win64 = Shipping|Win64
	EndGlobalSection
	GlobalSection(ProjectConfigurationPlatforms) = postSolution
		{43EBBE4D-88C7-4E6C-AEC2-00A3E089AAAC}.DebugGame Editor|HTML5.ActiveCfg = HTML5_DebugGame_Editor|Win32
		{43EBBE4D-88C7-4E6C-AEC2-00A3E089AAAC}.DebugGame Editor|IOS.ActiveCfg = IOS_DebugGame_Editor|Win32
		{43EBBE4D-88C7-4E6C-AEC2-00A3E089AAAC}.DebugGame Editor|Win32.ActiveCfg = DebugGame_Editor|Win32
		{43EBBE4D-88C7-4E6C-AEC2-00A3E089AAAC}.DebugGame Editor|Win64.ActiveCfg = DebugGame_Editor|x64
		{43EBBE4D-88C7-4E6C-AEC2-00A3E089AAAC}.DebugGame Editor|Win64.Build.0 = DebugGame_Editor|x64
		{43EBBE4D-88C7-4E6C-AEC2-00A3E089AAAC}.DebugGame|HTML5.ActiveCfg = HTML5_DebugGame_Game|Win32
		{43EBBE4D-88C7-4E6C-AEC2-00A3E089AAAC}.DebugGame|HTML5.Build.0 = HTML5_DebugGame_Game|Win32
		{43EBBE4D-88C7-4E6C-AEC2-00A3E089AAAC}.DebugGame|IOS.ActiveCfg = IOS_DebugGame_Game|Win32
		{43EBBE4D-88C7-4E6C-AEC2-00A3E089AAAC}.DebugGame|IOS.Build.0 = IOS_DebugGame_Game|Win32
		{43EBBE4D-88C7-4E6C-AEC2-00A3E089AAAC}.DebugGame|Win32.ActiveCfg = DebugGame_Game|Win32
		{43EBBE4D-88C7-4E6C-AEC2-00A3E089AAAC}.DebugGame|Win32.Build.0 = DebugGame_Game|Win32
		{43EBBE4D-88C7-4E6C-AEC2-00A3E089AAAC}.DebugGame|Win64.ActiveCfg = DebugGame_Game|x64
		{43EBBE4D-88C7-4E6C-AEC2-00A3E089AAAC}.DebugGame|Win64.Build.0 = DebugGame_Game|x64
		{43EBBE4D-88C7-4E6C-AEC2-00A3E089AAAC}.Development Editor|HTML5.ActiveCfg = HTML5_Development_Editor|Win32
		{43EBBE4D-88C7-4E6C-AEC2-00A3E089AAAC}.Development Editor|IOS.ActiveCfg = IOS_Development_Editor|Win32
		{43EBBE4D-88C7-4E6C-AEC2-00A3E089AAAC}.Development Editor|Win32.ActiveCfg = Development_Editor|Win32
		{43EBBE4D-88C7-4E6C-AEC2-00A3E089AAAC}.Development Editor|Win64.ActiveCfg = Development_Editor|x64
		{43EBBE4D-88C7-4E6C-AEC2-00A3E089AAAC}.Development Editor|Win64.Build.0 = Development_Editor|x64
		{43EBBE4D-88C7-4E6C-AEC2-00A3E089AAAC}.Development|HTML5.ActiveCfg = HTML5_Development_Game|Win32
		{43EBBE4D-88C7-4E6C-AEC2-00A3E089AAAC}.Development|HTML5.Build.0 = HTML5_Development_Game|Win32
		{43EBBE4D-88C7-4E6C-AEC2-00A3E089AAAC}.Development|IOS.ActiveCfg = IOS_Development_Game|Win32
		{43EBBE4D-88C7-4E6C-AEC2-00A3E089AAAC}.Development|IOS.Build.0 = IOS_Development_Game|Win32
		{43EBBE4D-88C7-4E6C-AEC2-00A3E089AAAC}.Development|Win32.ActiveCfg = Development_Game|Win32
		{43EBBE4D-88C7-4E6C-AEC2-00A3E089AAAC}.Development|Win32.Build.0 = Development_Game|Win32
		{43EBBE4D-88C7-4E6C-AEC2-00A3E089AAAC}.Development|Win64.ActiveCfg = Development_Game|x64
		{43EBBE4D-88C7-4E6C-AEC2-00A3E089AAAC}.Development|Win64.Build.0 = Development_Game|x64
		{43EBBE4D-88C7-4E6C-AEC2-00A3E089AAAC}.Shipping|HTML5.ActiveCfg = HTML5_Shipping_Game|Win32
		{43EBBE4D-88C7-4E6C-AEC2-00A3E089AAAC}.Shipping|HTML5.Build.0 = HTML5_Shipping_Game|Win32
		{43EBBE4D-88C7-4E6C-AEC2-00A3E089AAAC}.Shipping|IOS.ActiveCfg = IOS_Shipping_Game|Win32
		{43EBBE4D-88C7-4E6C-AEC2-00A3E089AAAC}.Shipping|IOS.Build.0 = IOS_Shipping_Game|Win32
		{43EBBE4D-88C7-4E6C-AEC2-00A3E089AAAC}.Shipping|Win32.ActiveCfg = Shipping_Game|Win32
		{43EBBE4D-88C7-4E6C-AEC2-00A3E089AAAC}.Shipping|Win32.Build.0 = Shipping_Game|Win32
		{43EBBE4D-88C7-4E6C-AEC2-00A3E089AAAC}.Shipping|Win64.ActiveCfg = Shipping_Game|x64
		{43EBBE4D-88C7-4E6C-AEC2-00A3E089AAAC}.Shipping|Win64.Build.0 = Shipping_Game|x64
	EndGlobalSection
	GlobalSection(SolutionProperties) = preSolution
		HideSolutionNode = FALSE
	EndGlobalSection
	GlobalSection(NestedProjects) = preSolution
		{B28DABFC-28F2-4C1A-A7E8-D29D9F6F81DC} = {3175F833-AB78-4069-A0FC-85F5A2867055}
		{43EBBE4D-88C7-4E6C-AEC2-00A3E089AAAC} = {A70CD820-4B40-4E30-9DA0-30DA9F41EC76}
	EndGlobalSection
EndGlobal
